
Microsoft Visual Studio Solution File, Format Version 9.00
# Visual Studio 2005
Project("{FAE04EC0-301F-11D3-BF4B-00C04F79EFBC}") = "ChecksumValidation", "ChecksumValidation\ChecksumValidation.csproj", "{8458E52B-2414-432E-B8CF-8F2750E72133}"
	ProjectSection(WebsiteProperties) = preProject
		Debug.AspNetCompiler.Debug = "True"
		Release.AspNetCompiler.Debug = "False"
	EndProjectSection
EndProject
Project("{2150E333-8FDC-42A3-9474-1A3956D46DE8}") = "Solution Items", "Solution Items", "{D17F2300-FE1A-4FCA-8658-5AB32D8F6799}"
	ProjectSection(WebsiteProperties) = preProject
		Debug.AspNetCompiler.Debug = "True"
		Release.AspNetCompiler.Debug = "False"
	EndProjectSection
	ProjectSection(SolutionItems) = preProject
		gpl.txt = gpl.txt
	EndProjectSection
EndProject
Project("{FAE04EC0-301F-11D3-BF4B-00C04F79EFBC}") = "ChecksumClient", "ChecksumClient\ChecksumClient.csproj", "{EA5DCA70-C4B7-4368-80CD-CE69E97AAB41}"
	ProjectSection(WebsiteProperties) = preProject
		Debug.AspNetCompiler.Debug = "True"
		Release.AspNetCompiler.Debug = "False"
	EndProjectSection
	ProjectSection(ProjectDependencies) = postProject
		{F655EE60-61CA-49F4-AB80-4F3419672A3F} = {F655EE60-61CA-49F4-AB80-4F3419672A3F}
		{68C4F298-F183-4216-BAA0-47D722093E2C} = {68C4F298-F183-4216-BAA0-47D722093E2C}
	EndProjectSection
EndProject
Project("{FAE04EC0-301F-11D3-BF4B-00C04F79EFBC}") = "ChecksumComServer", "ChecksumComServer\ChecksumComServer.csproj", "{F655EE60-61CA-49F4-AB80-4F3419672A3F}"
	ProjectSection(WebsiteProperties) = preProject
		Debug.AspNetCompiler.Debug = "True"
		Release.AspNetCompiler.Debug = "False"
	EndProjectSection
EndProject
Project("{FAE04EC0-301F-11D3-BF4B-00C04F79EFBC}") = "ChecksumSoapServer", "ChecksumSoapServer\ChecksumSoapServer.csproj", "{F5F55065-B5E1-44A9-969F-8F2C32F92650}"
	ProjectSection(WebsiteProperties) = preProject
		Debug.AspNetCompiler.Debug = "True"
		Release.AspNetCompiler.Debug = "False"
	EndProjectSection
EndProject
Project("{FAE04EC0-301F-11D3-BF4B-00C04F79EFBC}") = "ChecksumTcpServer", "ChecksumTcpServer\ChecksumTcpServer.csproj", "{68C4F298-F183-4216-BAA0-47D722093E2C}"
	ProjectSection(WebsiteProperties) = preProject
		Debug.AspNetCompiler.Debug = "True"
		Release.AspNetCompiler.Debug = "False"
	EndProjectSection
EndProject
Project("{FAE04EC0-301F-11D3-BF4B-00C04F79EFBC}") = "ChecksumUnitTest", "ChecksumUnitTest\ChecksumUnitTest.csproj", "{79AFA858-6247-42C0-B7D8-F22FA706ECBD}"
	ProjectSection(WebsiteProperties) = preProject
		Debug.AspNetCompiler.Debug = "True"
		Release.AspNetCompiler.Debug = "False"
	EndProjectSection
EndProject
Project("{FAE04EC0-301F-11D3-BF4B-00C04F79EFBC}") = "ChecksumUtility", "ChecksumUtility\ChecksumUtility.csproj", "{F7BD1063-8968-463D-8E2B-2882F8851320}"
	ProjectSection(WebsiteProperties) = preProject
		Debug.AspNetCompiler.Debug = "True"
		Release.AspNetCompiler.Debug = "False"
	EndProjectSection
	ProjectSection(ProjectDependencies) = postProject
		{8458E52B-2414-432E-B8CF-8F2750E72133} = {8458E52B-2414-432E-B8CF-8F2750E72133}
	EndProjectSection
EndProject
Global
	GlobalSection(SolutionConfigurationPlatforms) = preSolution
		Debug|Any CPU = Debug|Any CPU
		Release|Any CPU = Release|Any CPU
	EndGlobalSection
	GlobalSection(ProjectConfigurationPlatforms) = postSolution
		{8458E52B-2414-432E-B8CF-8F2750E72133}.Debug|Any CPU.ActiveCfg = Debug|Any CPU
		{8458E52B-2414-432E-B8CF-8F2750E72133}.Debug|Any CPU.Build.0 = Debug|Any CPU
		{8458E52B-2414-432E-B8CF-8F2750E72133}.Release|Any CPU.ActiveCfg = Release|Any CPU
		{8458E52B-2414-432E-B8CF-8F2750E72133}.Release|Any CPU.Build.0 = Release|Any CPU
		{EA5DCA70-C4B7-4368-80CD-CE69E97AAB41}.Debug|Any CPU.ActiveCfg = Debug|Any CPU
		{EA5DCA70-C4B7-4368-80CD-CE69E97AAB41}.Debug|Any CPU.Build.0 = Debug|Any CPU
		{EA5DCA70-C4B7-4368-80CD-CE69E97AAB41}.Release|Any CPU.ActiveCfg = Release|Any CPU
		{EA5DCA70-C4B7-4368-80CD-CE69E97AAB41}.Release|Any CPU.Build.0 = Release|Any CPU
		{F655EE60-61CA-49F4-AB80-4F3419672A3F}.Debug|Any CPU.ActiveCfg = Debug|Any CPU
		{F655EE60-61CA-49F4-AB80-4F3419672A3F}.Debug|Any CPU.Build.0 = Debug|Any CPU
		{F655EE60-61CA-49F4-AB80-4F3419672A3F}.Release|Any CPU.ActiveCfg = Release|Any CPU
		{F655EE60-61CA-49F4-AB80-4F3419672A3F}.Release|Any CPU.Build.0 = Release|Any CPU
		{F5F55065-B5E1-44A9-969F-8F2C32F92650}.Debug|Any CPU.ActiveCfg = Debug|Any CPU
		{F5F55065-B5E1-44A9-969F-8F2C32F92650}.Debug|Any CPU.Build.0 = Debug|Any CPU
		{F5F55065-B5E1-44A9-969F-8F2C32F92650}.Release|Any CPU.ActiveCfg = Release|Any CPU
		{F5F55065-B5E1-44A9-969F-8F2C32F92650}.Release|Any CPU.Build.0 = Release|Any CPU
		{68C4F298-F183-4216-BAA0-47D722093E2C}.Debug|Any CPU.ActiveCfg = Debug|Any CPU
		{68C4F298-F183-4216-BAA0-47D722093E2C}.Debug|Any CPU.Build.0 = Debug|Any CPU
		{68C4F298-F183-4216-BAA0-47D722093E2C}.Release|Any CPU.ActiveCfg = Release|Any CPU
		{68C4F298-F183-4216-BAA0-47D722093E2C}.Release|Any CPU.Build.0 = Release|Any CPU
		{79AFA858-6247-42C0-B7D8-F22FA706ECBD}.Debug|Any CPU.ActiveCfg = Debug|Any CPU
		{79AFA858-6247-42C0-B7D8-F22FA706ECBD}.Debug|Any CPU.Build.0 = Debug|Any CPU
		{79AFA858-6247-42C0-B7D8-F22FA706ECBD}.Release|Any CPU.ActiveCfg = Release|Any CPU
		{79AFA858-6247-42C0-B7D8-F22FA706ECBD}.Release|Any CPU.Build.0 = Release|Any CPU
		{F7BD1063-8968-463D-8E2B-2882F8851320}.Debug|Any CPU.ActiveCfg = Debug|Any CPU
		{F7BD1063-8968-463D-8E2B-2882F8851320}.Debug|Any CPU.Build.0 = Debug|Any CPU
		{F7BD1063-8968-463D-8E2B-2882F8851320}.Release|Any CPU.ActiveCfg = Release|Any CPU
		{F7BD1063-8968-463D-8E2B-2882F8851320}.Release|Any CPU.Build.0 = Release|Any CPU
	EndGlobalSection
	GlobalSection(SolutionProperties) = preSolution
		HideSolutionNode = FALSE
	EndGlobalSection
EndGlobal
